
Microsoft Visual Studio Solution File, Format Version 12.00
# Visual Studio Version 17
VisualStudioVersion = 17.2.32526.322
MinimumVisualStudioVersion = 10.0.40219.1
Project("{FAE04EC0-301F-11D3-BF4B-00C04F79EFBC}") = "M01A05", "M01A05\M01A05.csproj", "{DC9677C3-85CA-4F08-BC89-17CC22D88898}"
EndProject
Global
	GlobalSection(SolutionConfigurationPlatforms) = preSolution
		Debug|Any CPU = Debug|Any CPU
		Release|Any CPU = Release|Any CPU
	EndGlobalSection
	GlobalSection(ProjectConfigurationPlatforms) = postSolution
		{DC9677C3-85CA-4F08-BC89-17CC22D88898}.Debug|Any CPU.ActiveCfg = Debug|Any CPU
		{DC9677C3-85CA-4F08-BC89-17CC22D88898}.Debug|Any CPU.Build.0 = Debug|Any CPU
		{DC9677C3-85CA-4F08-BC89-17CC22D88898}.Release|Any CPU.ActiveCfg = Release|Any CPU
		{DC9677C3-85CA-4F08-BC89-17CC22D88898}.Release|Any CPU.Build.0 = Release|Any CPU
	EndGlobalSection
	GlobalSection(SolutionProperties) = preSolution
		HideSolutionNode = FALSE
	EndGlobalSection
	GlobalSection(ExtensibilityGlobals) = postSolution
		SolutionGuid = {3C49A07B-0A1D-41A8-8506-6627CB760558}
	EndGlobalSection
EndGlobal
