
Microsoft Visual Studio Solution File, Format Version 12.00
# Visual Studio Version 17
VisualStudioVersion = 17.2.32526.322
MinimumVisualStudioVersion = 10.0.40219.1
Project("{FAE04EC0-301F-11D3-BF4B-00C04F79EFBC}") = "M02A03", "M02A03\M02A03.csproj", "{6248C145-41EB-47CC-A2E0-771E1E810D78}"
EndProject
Global
	GlobalSection(SolutionConfigurationPlatforms) = preSolution
		Debug|Any CPU = Debug|Any CPU
		Release|Any CPU = Release|Any CPU
	EndGlobalSection
	GlobalSection(ProjectConfigurationPlatforms) = postSolution
		{6248C145-41EB-47CC-A2E0-771E1E810D78}.Debug|Any CPU.ActiveCfg = Debug|Any CPU
		{6248C145-41EB-47CC-A2E0-771E1E810D78}.Debug|Any CPU.Build.0 = Debug|Any CPU
		{6248C145-41EB-47CC-A2E0-771E1E810D78}.Release|Any CPU.ActiveCfg = Release|Any CPU
		{6248C145-41EB-47CC-A2E0-771E1E810D78}.Release|Any CPU.Build.0 = Release|Any CPU
	EndGlobalSection
	GlobalSection(SolutionProperties) = preSolution
		HideSolutionNode = FALSE
	EndGlobalSection
	GlobalSection(ExtensibilityGlobals) = postSolution
		SolutionGuid = {8F1CB9B2-58FA-460E-9D9C-8811816BCC13}
	EndGlobalSection
EndGlobal
