
Microsoft Visual Studio Solution File, Format Version 12.00
# Visual Studio Version 17
VisualStudioVersion = 17.2.32526.322
MinimumVisualStudioVersion = 10.0.40219.1
Project("{9A19103F-16F7-4668-BE54-9A1E7A4F7556}") = "M01A14_EX001", "M01A14_EX001\M01A14_EX001.csproj", "{BA3C82A8-3C96-4F35-9F90-8B6B31718774}"
EndProject
Project("{9A19103F-16F7-4668-BE54-9A1E7A4F7556}") = "M01A14_EX002", "M01A14_EX002\M01A14_EX002.csproj", "{EE514CB5-6B2D-41E2-BCB5-8ABF768D674B}"
EndProject
Project("{9A19103F-16F7-4668-BE54-9A1E7A4F7556}") = "M01A14_EX003", "M01A14_Ex003\M01A14_EX003.csproj", "{07584990-B1D0-4222-9D6D-E2F7D299013E}"
EndProject
Project("{9A19103F-16F7-4668-BE54-9A1E7A4F7556}") = "M01A14_EX004", "M01A14_EX004\M01A14_EX004.csproj", "{007DAD73-CA4E-4CAA-B780-F6B5F583D999}"
EndProject
Project("{9A19103F-16F7-4668-BE54-9A1E7A4F7556}") = "M01A14_EX005", "M01A14_EX005\M01A14_EX005.csproj", "{7DECA1E0-E64A-4059-B649-3E88837056EC}"
EndProject
Project("{9A19103F-16F7-4668-BE54-9A1E7A4F7556}") = "M01A14_EX006", "M01A14_EX006\M01A14_EX006.csproj", "{DCA221CF-9717-4DEA-97C2-04CDAED14135}"
EndProject
Project("{FAE04EC0-301F-11D3-BF4B-00C04F79EFBC}") = "M01A14_EX006_WPF", "M01A14_EX006_WPF\M01A14_EX006_WPF.csproj", "{5A866431-C7EF-4888-BD3A-CF446EC1E266}"
EndProject
Global
	GlobalSection(SolutionConfigurationPlatforms) = preSolution
		Debug|Any CPU = Debug|Any CPU
		Release|Any CPU = Release|Any CPU
	EndGlobalSection
	GlobalSection(ProjectConfigurationPlatforms) = postSolution
		{BA3C82A8-3C96-4F35-9F90-8B6B31718774}.Debug|Any CPU.ActiveCfg = Debug|Any CPU
		{BA3C82A8-3C96-4F35-9F90-8B6B31718774}.Debug|Any CPU.Build.0 = Debug|Any CPU
		{BA3C82A8-3C96-4F35-9F90-8B6B31718774}.Release|Any CPU.ActiveCfg = Release|Any CPU
		{BA3C82A8-3C96-4F35-9F90-8B6B31718774}.Release|Any CPU.Build.0 = Release|Any CPU
		{EE514CB5-6B2D-41E2-BCB5-8ABF768D674B}.Debug|Any CPU.ActiveCfg = Debug|Any CPU
		{EE514CB5-6B2D-41E2-BCB5-8ABF768D674B}.Debug|Any CPU.Build.0 = Debug|Any CPU
		{EE514CB5-6B2D-41E2-BCB5-8ABF768D674B}.Release|Any CPU.ActiveCfg = Release|Any CPU
		{EE514CB5-6B2D-41E2-BCB5-8ABF768D674B}.Release|Any CPU.Build.0 = Release|Any CPU
		{07584990-B1D0-4222-9D6D-E2F7D299013E}.Debug|Any CPU.ActiveCfg = Debug|Any CPU
		{07584990-B1D0-4222-9D6D-E2F7D299013E}.Debug|Any CPU.Build.0 = Debug|Any CPU
		{07584990-B1D0-4222-9D6D-E2F7D299013E}.Release|Any CPU.ActiveCfg = Release|Any CPU
		{07584990-B1D0-4222-9D6D-E2F7D299013E}.Release|Any CPU.Build.0 = Release|Any CPU
		{007DAD73-CA4E-4CAA-B780-F6B5F583D999}.Debug|Any CPU.ActiveCfg = Debug|Any CPU
		{007DAD73-CA4E-4CAA-B780-F6B5F583D999}.Debug|Any CPU.Build.0 = Debug|Any CPU
		{007DAD73-CA4E-4CAA-B780-F6B5F583D999}.Release|Any CPU.ActiveCfg = Release|Any CPU
		{007DAD73-CA4E-4CAA-B780-F6B5F583D999}.Release|Any CPU.Build.0 = Release|Any CPU
		{7DECA1E0-E64A-4059-B649-3E88837056EC}.Debug|Any CPU.ActiveCfg = Debug|Any CPU
		{7DECA1E0-E64A-4059-B649-3E88837056EC}.Debug|Any CPU.Build.0 = Debug|Any CPU
		{7DECA1E0-E64A-4059-B649-3E88837056EC}.Release|Any CPU.ActiveCfg = Release|Any CPU
		{7DECA1E0-E64A-4059-B649-3E88837056EC}.Release|Any CPU.Build.0 = Release|Any CPU
		{DCA221CF-9717-4DEA-97C2-04CDAED14135}.Debug|Any CPU.ActiveCfg = Debug|Any CPU
		{DCA221CF-9717-4DEA-97C2-04CDAED14135}.Debug|Any CPU.Build.0 = Debug|Any CPU
		{DCA221CF-9717-4DEA-97C2-04CDAED14135}.Release|Any CPU.ActiveCfg = Release|Any CPU
		{DCA221CF-9717-4DEA-97C2-04CDAED14135}.Release|Any CPU.Build.0 = Release|Any CPU
		{5A866431-C7EF-4888-BD3A-CF446EC1E266}.Debug|Any CPU.ActiveCfg = Debug|Any CPU
		{5A866431-C7EF-4888-BD3A-CF446EC1E266}.Debug|Any CPU.Build.0 = Debug|Any CPU
		{5A866431-C7EF-4888-BD3A-CF446EC1E266}.Release|Any CPU.ActiveCfg = Release|Any CPU
		{5A866431-C7EF-4888-BD3A-CF446EC1E266}.Release|Any CPU.Build.0 = Release|Any CPU
	EndGlobalSection
	GlobalSection(SolutionProperties) = preSolution
		HideSolutionNode = FALSE
	EndGlobalSection
	GlobalSection(ExtensibilityGlobals) = postSolution
		SolutionGuid = {B65E3516-46A6-437C-B3AE-90AE69394B35}
	EndGlobalSection
EndGlobal
