
Microsoft Visual Studio Solution File, Format Version 12.00
# Visual Studio Version 17
VisualStudioVersion = 17.2.32526.322
MinimumVisualStudioVersion = 10.0.40219.1
Project("{FAE04EC0-301F-11D3-BF4B-00C04F79EFBC}") = "M01A02_A", "M01A02\M01A02_A.csproj", "{2EAE594A-04EA-407F-A4E4-F6A4193C9F7A}"
EndProject
Project("{FAE04EC0-301F-11D3-BF4B-00C04F79EFBC}") = "M01A02_B", "M01A02_B\M01A02_B.csproj", "{811A54EA-6EC3-4196-B7D5-46538FFE1566}"
EndProject
Project("{FAE04EC0-301F-11D3-BF4B-00C04F79EFBC}") = "M01A02_C", "M01A02_C\M01A02_C.csproj", "{7D0241FE-754B-46D1-A388-133D6221695C}"
EndProject
Project("{FAE04EC0-301F-11D3-BF4B-00C04F79EFBC}") = "M01A02_D", "M01A02_D\M01A02_D.csproj", "{D5E19E4F-DB82-4435-B04F-883B68C2D3F2}"
EndProject
Project("{FAE04EC0-301F-11D3-BF4B-00C04F79EFBC}") = "M01A02_E", "M01A02_E\M01A02_E.csproj", "{3F79BEC3-A3DC-4BB7-AD10-91EA8207678E}"
EndProject
Global
	GlobalSection(SolutionConfigurationPlatforms) = preSolution
		Debug|Any CPU = Debug|Any CPU
		Release|Any CPU = Release|Any CPU
	EndGlobalSection
	GlobalSection(ProjectConfigurationPlatforms) = postSolution
		{2EAE594A-04EA-407F-A4E4-F6A4193C9F7A}.Debug|Any CPU.ActiveCfg = Debug|Any CPU
		{2EAE594A-04EA-407F-A4E4-F6A4193C9F7A}.Debug|Any CPU.Build.0 = Debug|Any CPU
		{2EAE594A-04EA-407F-A4E4-F6A4193C9F7A}.Release|Any CPU.ActiveCfg = Release|Any CPU
		{2EAE594A-04EA-407F-A4E4-F6A4193C9F7A}.Release|Any CPU.Build.0 = Release|Any CPU
		{811A54EA-6EC3-4196-B7D5-46538FFE1566}.Debug|Any CPU.ActiveCfg = Debug|Any CPU
		{811A54EA-6EC3-4196-B7D5-46538FFE1566}.Debug|Any CPU.Build.0 = Debug|Any CPU
		{811A54EA-6EC3-4196-B7D5-46538FFE1566}.Release|Any CPU.ActiveCfg = Release|Any CPU
		{811A54EA-6EC3-4196-B7D5-46538FFE1566}.Release|Any CPU.Build.0 = Release|Any CPU
		{7D0241FE-754B-46D1-A388-133D6221695C}.Debug|Any CPU.ActiveCfg = Debug|Any CPU
		{7D0241FE-754B-46D1-A388-133D6221695C}.Debug|Any CPU.Build.0 = Debug|Any CPU
		{7D0241FE-754B-46D1-A388-133D6221695C}.Release|Any CPU.ActiveCfg = Release|Any CPU
		{7D0241FE-754B-46D1-A388-133D6221695C}.Release|Any CPU.Build.0 = Release|Any CPU
		{D5E19E4F-DB82-4435-B04F-883B68C2D3F2}.Debug|Any CPU.ActiveCfg = Debug|Any CPU
		{D5E19E4F-DB82-4435-B04F-883B68C2D3F2}.Debug|Any CPU.Build.0 = Debug|Any CPU
		{D5E19E4F-DB82-4435-B04F-883B68C2D3F2}.Release|Any CPU.ActiveCfg = Release|Any CPU
		{D5E19E4F-DB82-4435-B04F-883B68C2D3F2}.Release|Any CPU.Build.0 = Release|Any CPU
		{3F79BEC3-A3DC-4BB7-AD10-91EA8207678E}.Debug|Any CPU.ActiveCfg = Debug|Any CPU
		{3F79BEC3-A3DC-4BB7-AD10-91EA8207678E}.Debug|Any CPU.Build.0 = Debug|Any CPU
		{3F79BEC3-A3DC-4BB7-AD10-91EA8207678E}.Release|Any CPU.ActiveCfg = Release|Any CPU
		{3F79BEC3-A3DC-4BB7-AD10-91EA8207678E}.Release|Any CPU.Build.0 = Release|Any CPU
	EndGlobalSection
	GlobalSection(SolutionProperties) = preSolution
		HideSolutionNode = FALSE
	EndGlobalSection
	GlobalSection(ExtensibilityGlobals) = postSolution
		SolutionGuid = {65C6885D-DFEB-4066-ACBC-CD4D1F7EE1B0}
	EndGlobalSection
EndGlobal
