
Microsoft Visual Studio Solution File, Format Version 12.00
# Visual Studio Version 17
VisualStudioVersion = 17.2.32526.322
MinimumVisualStudioVersion = 10.0.40219.1
Project("{FAE04EC0-301F-11D3-BF4B-00C04F79EFBC}") = "teste1", "teste1\teste1.csproj", "{AA280BE0-5C41-4B61-A2B1-C4B3979F2EEA}"
EndProject
Project("{FAE04EC0-301F-11D3-BF4B-00C04F79EFBC}") = "WinFormsApp1", "WinFormsApp1\WinFormsApp1.csproj", "{2BCAD028-8110-4DA7-9910-C442E26439FE}"
EndProject
Project("{FAE04EC0-301F-11D3-BF4B-00C04F79EFBC}") = "teste3", "teste3\teste3.csproj", "{28B590BC-862C-46B0-A18B-9B7FAFDF2C96}"
EndProject
Global
	GlobalSection(SolutionConfigurationPlatforms) = preSolution
		Debug|Any CPU = Debug|Any CPU
		Release|Any CPU = Release|Any CPU
	EndGlobalSection
	GlobalSection(ProjectConfigurationPlatforms) = postSolution
		{AA280BE0-5C41-4B61-A2B1-C4B3979F2EEA}.Debug|Any CPU.ActiveCfg = Debug|Any CPU
		{AA280BE0-5C41-4B61-A2B1-C4B3979F2EEA}.Debug|Any CPU.Build.0 = Debug|Any CPU
		{AA280BE0-5C41-4B61-A2B1-C4B3979F2EEA}.Release|Any CPU.ActiveCfg = Release|Any CPU
		{AA280BE0-5C41-4B61-A2B1-C4B3979F2EEA}.Release|Any CPU.Build.0 = Release|Any CPU
		{2BCAD028-8110-4DA7-9910-C442E26439FE}.Debug|Any CPU.ActiveCfg = Debug|Any CPU
		{2BCAD028-8110-4DA7-9910-C442E26439FE}.Debug|Any CPU.Build.0 = Debug|Any CPU
		{2BCAD028-8110-4DA7-9910-C442E26439FE}.Release|Any CPU.ActiveCfg = Release|Any CPU
		{2BCAD028-8110-4DA7-9910-C442E26439FE}.Release|Any CPU.Build.0 = Release|Any CPU
		{28B590BC-862C-46B0-A18B-9B7FAFDF2C96}.Debug|Any CPU.ActiveCfg = Debug|Any CPU
		{28B590BC-862C-46B0-A18B-9B7FAFDF2C96}.Debug|Any CPU.Build.0 = Debug|Any CPU
		{28B590BC-862C-46B0-A18B-9B7FAFDF2C96}.Release|Any CPU.ActiveCfg = Release|Any CPU
		{28B590BC-862C-46B0-A18B-9B7FAFDF2C96}.Release|Any CPU.Build.0 = Release|Any CPU
	EndGlobalSection
	GlobalSection(SolutionProperties) = preSolution
		HideSolutionNode = FALSE
	EndGlobalSection
	GlobalSection(ExtensibilityGlobals) = postSolution
		SolutionGuid = {4E55A8D4-22D8-48F0-9967-5143B0EF7100}
	EndGlobalSection
EndGlobal
