
Microsoft Visual Studio Solution File, Format Version 12.00
# Visual Studio Version 17
VisualStudioVersion = 17.2.32526.322
MinimumVisualStudioVersion = 10.0.40219.1
Project("{FAE04EC0-301F-11D3-BF4B-00C04F79EFBC}") = "WindowsEx000", "WindowsEx000\WindowsEx000.csproj", "{FC1CC339-78A4-40D7-AD23-B4F80E9E15D8}"
EndProject
Global
	GlobalSection(SolutionConfigurationPlatforms) = preSolution
		Debug|Any CPU = Debug|Any CPU
		Release|Any CPU = Release|Any CPU
	EndGlobalSection
	GlobalSection(ProjectConfigurationPlatforms) = postSolution
		{FC1CC339-78A4-40D7-AD23-B4F80E9E15D8}.Debug|Any CPU.ActiveCfg = Debug|Any CPU
		{FC1CC339-78A4-40D7-AD23-B4F80E9E15D8}.Debug|Any CPU.Build.0 = Debug|Any CPU
		{FC1CC339-78A4-40D7-AD23-B4F80E9E15D8}.Release|Any CPU.ActiveCfg = Release|Any CPU
		{FC1CC339-78A4-40D7-AD23-B4F80E9E15D8}.Release|Any CPU.Build.0 = Release|Any CPU
	EndGlobalSection
	GlobalSection(SolutionProperties) = preSolution
		HideSolutionNode = FALSE
	EndGlobalSection
	GlobalSection(ExtensibilityGlobals) = postSolution
		SolutionGuid = {0B9A4843-0586-46EC-A5F4-5E80EEE7DF31}
	EndGlobalSection
EndGlobal
